
Microsoft Visual Studio Solution File, Format Version 12.00
# Visual Studio Version 17
VisualStudioVersion = 17.14.36705.20 d17.14
MinimumVisualStudioVersion = 10.0.40219.1
Project("{FAE04EC0-301F-11D3-BF4B-00C04F79EFBC}") = "TicketsAPI", "TicketsAPI\TicketsAPI.csproj", "{2A53E72A-E20E-42D1-A8EC-8EDA19C05275}"
EndProject
Global
	GlobalSection(SolutionConfigurationPlatforms) = preSolution
		Debug|Any CPU = Debug|Any CPU
		Release|Any CPU = Release|Any CPU
	EndGlobalSection
	GlobalSection(ProjectConfigurationPlatforms) = postSolution
		{2A53E72A-E20E-42D1-A8EC-8EDA19C05275}.Debug|Any CPU.ActiveCfg = Debug|Any CPU
		{2A53E72A-E20E-42D1-A8EC-8EDA19C05275}.Debug|Any CPU.Build.0 = Debug|Any CPU
		{2A53E72A-E20E-42D1-A8EC-8EDA19C05275}.Release|Any CPU.ActiveCfg = Release|Any CPU
		{2A53E72A-E20E-42D1-A8EC-8EDA19C05275}.Release|Any CPU.Build.0 = Release|Any CPU
	EndGlobalSection
	GlobalSection(SolutionProperties) = preSolution
		HideSolutionNode = FALSE
	EndGlobalSection
	GlobalSection(ExtensibilityGlobals) = postSolution
		SolutionGuid = {DF6FA332-5789-4D4C-8205-61CA4E4221B0}
	EndGlobalSection
EndGlobal
